// !$*UTF8*$!
{
	archiveVersion = 1;
	classes = {
	};
	objectVersion = 52;
	objects = {

/* Begin PBXBuildFile section */
		1B2682B52B761F1E00059BEF /* CeldaTableViewCell.swift in Sources */ = {isa = PBXBuildFile; fileRef = 1B2682B42B761F1E00059BEF /* CeldaTableViewCell.swift */; };
		1B2682BA2B761FE600059BEF /* apiConexiones.swift in Sources */ = {isa = PBXBuildFile; fileRef = 1B2682B92B761FE600059BEF /* apiConexiones.swift */; };
		1B4F7D252B760F8F001DB784 /* AppDelegate.swift in Sources */ = {isa = PBXBuildFile; fileRef = 1B4F7D242B760F8F001DB784 /* AppDelegate.swift */; };
		1B4F7D272B760F8F001DB784 /* SceneDelegate.swift in Sources */ = {isa = PBXBuildFile; fileRef = 1B4F7D262B760F8F001DB784 /* SceneDelegate.swift */; };
		1B4F7D292B760F8F001DB784 /* ViewController.swift in Sources */ = {isa = PBXBuildFile; fileRef = 1B4F7D282B760F8F001DB784 /* ViewController.swift */; };
		1B4F7D2C2B760F8F001DB784 /* Main.storyboard in Resources */ = {isa = PBXBuildFile; fileRef = 1B4F7D2A2B760F8F001DB784 /* Main.storyboard */; };
		1B4F7D2E2B760F90001DB784 /* Assets.xcassets in Resources */ = {isa = PBXBuildFile; fileRef = 1B4F7D2D2B760F90001DB784 /* Assets.xcassets */; };
		1B4F7D312B760F90001DB784 /* LaunchScreen.storyboard in Resources */ = {isa = PBXBuildFile; fileRef = 1B4F7D2F2B760F90001DB784 /* LaunchScreen.storyboard */; };
		1B4F7D3C2B760F90001DB784 /* examen2EvalEjerc1DiTests.swift in Sources */ = {isa = PBXBuildFile; fileRef = 1B4F7D3B2B760F90001DB784 /* examen2EvalEjerc1DiTests.swift */; };
		1B4F7D472B760F91001DB784 /* examen2EvalEjerc1DiUITests.swift in Sources */ = {isa = PBXBuildFile; fileRef = 1B4F7D462B760F91001DB784 /* examen2EvalEjerc1DiUITests.swift */; };
		1B4F7D592B760FB4001DB784 /* Alamofire in Frameworks */ = {isa = PBXBuildFile; productRef = 1B4F7D582B760FB4001DB784 /* Alamofire */; };
		1B4F7D5F2B760FE0001DB784 /* AlamofireImage in Frameworks */ = {isa = PBXBuildFile; productRef = 1B4F7D5E2B760FE0001DB784 /* AlamofireImage */; };
		1B4F7DB02B761183001DB784 /* FirebaseAppDistribution-Beta in Frameworks */ = {isa = PBXBuildFile; productRef = 1B4F7DAF2B761183001DB784 /* FirebaseAppDistribution-Beta */; };
		1B4F7DB22B761183001DB784 /* FirebaseInAppMessaging-Beta in Frameworks */ = {isa = PBXBuildFile; productRef = 1B4F7DB12B761183001DB784 /* FirebaseInAppMessaging-Beta */; };
		1B4F7DB42B761183001DB784 /* FirebaseAnalyticsSwift-Beta in Frameworks */ = {isa = PBXBuildFile; productRef = 1B4F7DB32B761183001DB784 /* FirebaseAnalyticsSwift-Beta */; };
		1B4F7DB62B761183001DB784 /* FirebaseAnalyticsWithoutAdIdSupport in Frameworks */ = {isa = PBXBuildFile; productRef = 1B4F7DB52B761183001DB784 /* FirebaseAnalyticsWithoutAdIdSupport */; };
		1B4F7DB82B761183001DB784 /* FirebaseFirestore in Frameworks */ = {isa = PBXBuildFile; productRef = 1B4F7DB72B761183001DB784 /* FirebaseFirestore */; };
		1B4F7DBA2B761183001DB784 /* FirebaseAuthCombine-Community in Frameworks */ = {isa = PBXBuildFile; productRef = 1B4F7DB92B761183001DB784 /* FirebaseAuthCombine-Community */; };
		1B4F7DBC2B761183001DB784 /* FirebaseInstallations in Frameworks */ = {isa = PBXBuildFile; productRef = 1B4F7DBB2B761183001DB784 /* FirebaseInstallations */; };
		1B4F7DBE2B761183001DB784 /* FirebaseRemoteConfigSwift-Beta in Frameworks */ = {isa = PBXBuildFile; productRef = 1B4F7DBD2B761183001DB784 /* FirebaseRemoteConfigSwift-Beta */; };
		1B4F7DC02B761183001DB784 /* FirebaseFunctionsCombine-Community in Frameworks */ = {isa = PBXBuildFile; productRef = 1B4F7DBF2B761183001DB784 /* FirebaseFunctionsCombine-Community */; };
		1B4F7DC22B761183001DB784 /* FirebaseFirestoreSwift-Beta in Frameworks */ = {isa = PBXBuildFile; productRef = 1B4F7DC12B761183001DB784 /* FirebaseFirestoreSwift-Beta */; };
		1B4F7DC42B761183001DB784 /* FirebaseAnalytics in Frameworks */ = {isa = PBXBuildFile; productRef = 1B4F7DC32B761183001DB784 /* FirebaseAnalytics */; };
		1B4F7DC62B761183001DB784 /* FirebaseDatabase in Frameworks */ = {isa = PBXBuildFile; productRef = 1B4F7DC52B761183001DB784 /* FirebaseDatabase */; };
		1B4F7DC82B761183001DB784 /* FirebasePerformance in Frameworks */ = {isa = PBXBuildFile; productRef = 1B4F7DC72B761183001DB784 /* FirebasePerformance */; };
		1B4F7DCA2B761183001DB784 /* FirebaseRemoteConfig in Frameworks */ = {isa = PBXBuildFile; productRef = 1B4F7DC92B761183001DB784 /* FirebaseRemoteConfig */; };
		1B4F7DCC2B761183001DB784 /* FirebaseAppCheck in Frameworks */ = {isa = PBXBuildFile; productRef = 1B4F7DCB2B761183001DB784 /* FirebaseAppCheck */; };
		1B4F7DCE2B761183001DB784 /* FirebaseStorageCombine-Community in Frameworks */ = {isa = PBXBuildFile; productRef = 1B4F7DCD2B761183001DB784 /* FirebaseStorageCombine-Community */; };
		1B4F7DD02B761183001DB784 /* FirebaseAuth in Frameworks */ = {isa = PBXBuildFile; productRef = 1B4F7DCF2B761183001DB784 /* FirebaseAuth */; };
		1B4F7DD22B761183001DB784 /* FirebaseInAppMessagingSwift-Beta in Frameworks */ = {isa = PBXBuildFile; productRef = 1B4F7DD12B761183001DB784 /* FirebaseInAppMessagingSwift-Beta */; };
		1B4F7DD42B761183001DB784 /* FirebaseDatabaseSwift-Beta in Frameworks */ = {isa = PBXBuildFile; productRef = 1B4F7DD32B761183001DB784 /* FirebaseDatabaseSwift-Beta */; };
		1B4F7DD62B761183001DB784 /* FirebaseStorageSwift-Beta in Frameworks */ = {isa = PBXBuildFile; productRef = 1B4F7DD52B761183001DB784 /* FirebaseStorageSwift-Beta */; };
		1B4F7DD82B761183001DB784 /* FirebaseMLModelDownloader in Frameworks */ = {isa = PBXBuildFile; productRef = 1B4F7DD72B761183001DB784 /* FirebaseMLModelDownloader */; };
		1B4F7DDA2B761183001DB784 /* FirebaseCrashlytics in Frameworks */ = {isa = PBXBuildFile; productRef = 1B4F7DD92B761183001DB784 /* FirebaseCrashlytics */; };
		1B4F7DDC2B761183001DB784 /* FirebaseMessaging in Frameworks */ = {isa = PBXBuildFile; productRef = 1B4F7DDB2B761183001DB784 /* FirebaseMessaging */; };
		1B4F7DDE2B761183001DB784 /* FirebaseStorage in Frameworks */ = {isa = PBXBuildFile; productRef = 1B4F7DDD2B761183001DB784 /* FirebaseStorage */; };
		1B4F7DE02B761183001DB784 /* FirebaseDynamicLinks in Frameworks */ = {isa = PBXBuildFile; productRef = 1B4F7DDF2B761183001DB784 /* FirebaseDynamicLinks */; };
		1B4F7DE22B761183001DB784 /* FirebaseFunctionsSwift-Beta in Frameworks */ = {isa = PBXBuildFile; productRef = 1B4F7DE12B761183001DB784 /* FirebaseFunctionsSwift-Beta */; };
		1B4F7DE42B761183001DB784 /* FirebaseFunctions in Frameworks */ = {isa = PBXBuildFile; productRef = 1B4F7DE32B761183001DB784 /* FirebaseFunctions */; };
		1B4F7DE62B761183001DB784 /* FirebaseFirestoreCombine-Community in Frameworks */ = {isa = PBXBuildFile; productRef = 1B4F7DE52B761183001DB784 /* FirebaseFirestoreCombine-Community */; };
		1B4F7E282B761360001DB784 /* Toast in Frameworks */ = {isa = PBXBuildFile; productRef = 1B4F7E272B761360001DB784 /* Toast */; };
		1B4F7E332B7617A7001DB784 /* GoogleService-Info.plist in Resources */ = {isa = PBXBuildFile; fileRef = 1B4F7E322B7617A7001DB784 /* GoogleService-Info.plist */; };
		1B4F7E3A2B761850001DB784 /* LoginViewController.swift in Sources */ = {isa = PBXBuildFile; fileRef = 1B4F7E392B761850001DB784 /* LoginViewController.swift */; };
		1B4F7E432B7619EB001DB784 /* CoinStruct.swift in Sources */ = {isa = PBXBuildFile; fileRef = 1B4F7E422B7619EB001DB784 /* CoinStruct.swift */; };
/* End PBXBuildFile section */

/* Begin PBXContainerItemProxy section */
		1B4F7D382B760F90001DB784 /* PBXContainerItemProxy */ = {
			isa = PBXContainerItemProxy;
			containerPortal = 1B4F7D192B760F8F001DB784 /* Project object */;
			proxyType = 1;
			remoteGlobalIDString = 1B4F7D202B760F8F001DB784;
			remoteInfo = examen2EvalEjerc1Di;
		};
		1B4F7D432B760F90001DB784 /* PBXContainerItemProxy */ = {
			isa = PBXContainerItemProxy;
			containerPortal = 1B4F7D192B760F8F001DB784 /* Project object */;
			proxyType = 1;
			remoteGlobalIDString = 1B4F7D202B760F8F001DB784;
			remoteInfo = examen2EvalEjerc1Di;
		};
/* End PBXContainerItemProxy section */

/* Begin PBXFileReference section */
		1B2682B42B761F1E00059BEF /* CeldaTableViewCell.swift */ = {isa = PBXFileReference; lastKnownFileType = sourcecode.swift; path = CeldaTableViewCell.swift; sourceTree = "<group>"; };
		1B2682B92B761FE600059BEF /* apiConexiones.swift */ = {isa = PBXFileReference; lastKnownFileType = sourcecode.swift; path = apiConexiones.swift; sourceTree = "<group>"; };
		1B4F7D212B760F8F001DB784 /* examen2EvalEjerc1Di.app */ = {isa = PBXFileReference; explicitFileType = wrapper.application; includeInIndex = 0; path = examen2EvalEjerc1Di.app; sourceTree = BUILT_PRODUCTS_DIR; };
		1B4F7D242B760F8F001DB784 /* AppDelegate.swift */ = {isa = PBXFileReference; lastKnownFileType = sourcecode.swift; path = AppDelegate.swift; sourceTree = "<group>"; };
		1B4F7D262B760F8F001DB784 /* SceneDelegate.swift */ = {isa = PBXFileReference; lastKnownFileType = sourcecode.swift; path = SceneDelegate.swift; sourceTree = "<group>"; };
		1B4F7D282B760F8F001DB784 /* ViewController.swift */ = {isa = PBXFileReference; lastKnownFileType = sourcecode.swift; path = ViewController.swift; sourceTree = "<group>"; };
		1B4F7D2B2B760F8F001DB784 /* Base */ = {isa = PBXFileReference; lastKnownFileType = file.storyboard; name = Base; path = Base.lproj/Main.storyboard; sourceTree = "<group>"; };
		1B4F7D2D2B760F90001DB784 /* Assets.xcassets */ = {isa = PBXFileReference; lastKnownFileType = folder.assetcatalog; path = Assets.xcassets; sourceTree = "<group>"; };
		1B4F7D302B760F90001DB784 /* Base */ = {isa = PBXFileReference; lastKnownFileType = file.storyboard; name = Base; path = Base.lproj/LaunchScreen.storyboard; sourceTree = "<group>"; };
		1B4F7D322B760F90001DB784 /* Info.plist */ = {isa = PBXFileReference; lastKnownFileType = text.plist.xml; path = Info.plist; sourceTree = "<group>"; };
		1B4F7D372B760F90001DB784 /* examen2EvalEjerc1DiTests.xctest */ = {isa = PBXFileReference; explicitFileType = wrapper.cfbundle; includeInIndex = 0; path = examen2EvalEjerc1DiTests.xctest; sourceTree = BUILT_PRODUCTS_DIR; };
		1B4F7D3B2B760F90001DB784 /* examen2EvalEjerc1DiTests.swift */ = {isa = PBXFileReference; lastKnownFileType = sourcecode.swift; path = examen2EvalEjerc1DiTests.swift; sourceTree = "<group>"; };
		1B4F7D3D2B760F90001DB784 /* Info.plist */ = {isa = PBXFileReference; lastKnownFileType = text.plist.xml; path = Info.plist; sourceTree = "<group>"; };
		1B4F7D422B760F90001DB784 /* examen2EvalEjerc1DiUITests.xctest */ = {isa = PBXFileReference; explicitFileType = wrapper.cfbundle; includeInIndex = 0; path = examen2EvalEjerc1DiUITests.xctest; sourceTree = BUILT_PRODUCTS_DIR; };
		1B4F7D462B760F91001DB784 /* examen2EvalEjerc1DiUITests.swift */ = {isa = PBXFileReference; lastKnownFileType = sourcecode.swift; path = examen2EvalEjerc1DiUITests.swift; sourceTree = "<group>"; };
		1B4F7D482B760F91001DB784 /* Info.plist */ = {isa = PBXFileReference; lastKnownFileType = text.plist.xml; path = Info.plist; sourceTree = "<group>"; };
		1B4F7E322B7617A7001DB784 /* GoogleService-Info.plist */ = {isa = PBXFileReference; fileEncoding = 4; lastKnownFileType = text.plist.xml; path = "GoogleService-Info.plist"; sourceTree = "<group>"; };
		1B4F7E392B761850001DB784 /* LoginViewController.swift */ = {isa = PBXFileReference; lastKnownFileType = sourcecode.swift; path = LoginViewController.swift; sourceTree = "<group>"; };
		1B4F7E422B7619EB001DB784 /* CoinStruct.swift */ = {isa = PBXFileReference; lastKnownFileType = sourcecode.swift; path = CoinStruct.swift; sourceTree = "<group>"; };
/* End PBXFileReference section */

/* Begin PBXFrameworksBuildPhase section */
		1B4F7D1E2B760F8F001DB784 /* Frameworks */ = {
			isa = PBXFrameworksBuildPhase;
			buildActionMask = 2147483647;
			files = (
				1B4F7DB42B761183001DB784 /* FirebaseAnalyticsSwift-Beta in Frameworks */,
				1B4F7DCC2B761183001DB784 /* FirebaseAppCheck in Frameworks */,
				1B4F7DD22B761183001DB784 /* FirebaseInAppMessagingSwift-Beta in Frameworks */,
				1B4F7DE62B761183001DB784 /* FirebaseFirestoreCombine-Community in Frameworks */,
				1B4F7DBE2B761183001DB784 /* FirebaseRemoteConfigSwift-Beta in Frameworks */,
				1B4F7DC82B761183001DB784 /* FirebasePerformance in Frameworks */,
				1B4F7DB62B761183001DB784 /* FirebaseAnalyticsWithoutAdIdSupport in Frameworks */,
				1B4F7D592B760FB4001DB784 /* Alamofire in Frameworks */,
				1B4F7DDC2B761183001DB784 /* FirebaseMessaging in Frameworks */,
				1B4F7DC42B761183001DB784 /* FirebaseAnalytics in Frameworks */,
				1B4F7DBC2B761183001DB784 /* FirebaseInstallations in Frameworks */,
				1B4F7DD82B761183001DB784 /* FirebaseMLModelDownloader in Frameworks */,
				1B4F7DD62B761183001DB784 /* FirebaseStorageSwift-Beta in Frameworks */,
				1B4F7DE42B761183001DB784 /* FirebaseFunctions in Frameworks */,
				1B4F7DCA2B761183001DB784 /* FirebaseRemoteConfig in Frameworks */,
				1B4F7D5F2B760FE0001DB784 /* AlamofireImage in Frameworks */,
				1B4F7DE02B761183001DB784 /* FirebaseDynamicLinks in Frameworks */,
				1B4F7DB02B761183001DB784 /* FirebaseAppDistribution-Beta in Frameworks */,
				1B4F7E282B761360001DB784 /* Toast in Frameworks */,
				1B4F7DD42B761183001DB784 /* FirebaseDatabaseSwift-Beta in Frameworks */,
				1B4F7DB22B761183001DB784 /* FirebaseInAppMessaging-Beta in Frameworks */,
				1B4F7DB82B761183001DB784 /* FirebaseFirestore in Frameworks */,
				1B4F7DD02B761183001DB784 /* FirebaseAuth in Frameworks */,
				1B4F7DC22B761183001DB784 /* FirebaseFirestoreSwift-Beta in Frameworks */,
				1B4F7DC02B761183001DB784 /* FirebaseFunctionsCombine-Community in Frameworks */,
				1B4F7DDE2B761183001DB784 /* FirebaseStorage in Frameworks */,
				1B4F7DC62B761183001DB784 /* FirebaseDatabase in Frameworks */,
				1B4F7DDA2B761183001DB784 /* FirebaseCrashlytics in Frameworks */,
				1B4F7DCE2B761183001DB784 /* FirebaseStorageCombine-Community in Frameworks */,
				1B4F7DBA2B761183001DB784 /* FirebaseAuthCombine-Community in Frameworks */,
				1B4F7DE22B761183001DB784 /* FirebaseFunctionsSwift-Beta in Frameworks */,
			);
			runOnlyForDeploymentPostprocessing = 0;
		};
		1B4F7D342B760F90001DB784 /* Frameworks */ = {
			isa = PBXFrameworksBuildPhase;
			buildActionMask = 2147483647;
			files = (
			);
			runOnlyForDeploymentPostprocessing = 0;
		};
		1B4F7D3F2B760F90001DB784 /* Frameworks */ = {
			isa = PBXFrameworksBuildPhase;
			buildActionMask = 2147483647;
			files = (
			);
			runOnlyForDeploymentPostprocessing = 0;
		};
/* End PBXFrameworksBuildPhase section */

/* Begin PBXGroup section */
		1B4F7D182B760F8F001DB784 = {
			isa = PBXGroup;
			children = (
				1B4F7D232B760F8F001DB784 /* examen2EvalEjerc1Di */,
				1B4F7D3A2B760F90001DB784 /* examen2EvalEjerc1DiTests */,
				1B4F7D452B760F91001DB784 /* examen2EvalEjerc1DiUITests */,
				1B4F7D222B760F8F001DB784 /* Products */,
			);
			sourceTree = "<group>";
		};
		1B4F7D222B760F8F001DB784 /* Products */ = {
			isa = PBXGroup;
			children = (
				1B4F7D212B760F8F001DB784 /* examen2EvalEjerc1Di.app */,
				1B4F7D372B760F90001DB784 /* examen2EvalEjerc1DiTests.xctest */,
				1B4F7D422B760F90001DB784 /* examen2EvalEjerc1DiUITests.xctest */,
			);
			name = Products;
			sourceTree = "<group>";
		};
		1B4F7D232B760F8F001DB784 /* examen2EvalEjerc1Di */ = {
			isa = PBXGroup;
			children = (
				1B4F7E412B7619CB001DB784 /* conexiones */,
				1B4F7E382B76183C001DB784 /* controllers */,
				1B4F7E372B761833001DB784 /* modelos */,
				1B4F7E322B7617A7001DB784 /* GoogleService-Info.plist */,
				1B4F7D242B760F8F001DB784 /* AppDelegate.swift */,
				1B4F7D262B760F8F001DB784 /* SceneDelegate.swift */,
				1B4F7D282B760F8F001DB784 /* ViewController.swift */,
				1B4F7D2A2B760F8F001DB784 /* Main.storyboard */,
				1B4F7D2D2B760F90001DB784 /* Assets.xcassets */,
				1B4F7D2F2B760F90001DB784 /* LaunchScreen.storyboard */,
				1B4F7D322B760F90001DB784 /* Info.plist */,
			);
			path = examen2EvalEjerc1Di;
			sourceTree = "<group>";
		};
		1B4F7D3A2B760F90001DB784 /* examen2EvalEjerc1DiTests */ = {
			isa = PBXGroup;
			children = (
				1B4F7D3B2B760F90001DB784 /* examen2EvalEjerc1DiTests.swift */,
				1B4F7D3D2B760F90001DB784 /* Info.plist */,
			);
			path = examen2EvalEjerc1DiTests;
			sourceTree = "<group>";
		};
		1B4F7D452B760F91001DB784 /* examen2EvalEjerc1DiUITests */ = {
			isa = PBXGroup;
			children = (
				1B4F7D462B760F91001DB784 /* examen2EvalEjerc1DiUITests.swift */,
				1B4F7D482B760F91001DB784 /* Info.plist */,
			);
			path = examen2EvalEjerc1DiUITests;
			sourceTree = "<group>";
		};
		1B4F7E372B761833001DB784 /* modelos */ = {
			isa = PBXGroup;
			children = (
				1B4F7E422B7619EB001DB784 /* CoinStruct.swift */,
			);
			path = modelos;
			sourceTree = "<group>";
		};
		1B4F7E382B76183C001DB784 /* controllers */ = {
			isa = PBXGroup;
			children = (
				1B4F7E392B761850001DB784 /* LoginViewController.swift */,
				1B2682B42B761F1E00059BEF /* CeldaTableViewCell.swift */,
			);
			path = controllers;
			sourceTree = "<group>";
		};
		1B4F7E412B7619CB001DB784 /* conexiones */ = {
			isa = PBXGroup;
			children = (
				1B2682B92B761FE600059BEF /* apiConexiones.swift */,
			);
			path = conexiones;
			sourceTree = "<group>";
		};
/* End PBXGroup section */

/* Begin PBXNativeTarget section */
		1B4F7D202B760F8F001DB784 /* examen2EvalEjerc1Di */ = {
			isa = PBXNativeTarget;
			buildConfigurationList = 1B4F7D4B2B760F91001DB784 /* Build configuration list for PBXNativeTarget "examen2EvalEjerc1Di" */;
			buildPhases = (
				1B4F7D1D2B760F8F001DB784 /* Sources */,
				1B4F7D1E2B760F8F001DB784 /* Frameworks */,
				1B4F7D1F2B760F8F001DB784 /* Resources */,
			);
			buildRules = (
			);
			dependencies = (
			);
			name = examen2EvalEjerc1Di;
			packageProductDependencies = (
				1B4F7D582B760FB4001DB784 /* Alamofire */,
				1B4F7D5E2B760FE0001DB784 /* AlamofireImage */,
				1B4F7DAF2B761183001DB784 /* FirebaseAppDistribution-Beta */,
				1B4F7DB12B761183001DB784 /* FirebaseInAppMessaging-Beta */,
				1B4F7DB32B761183001DB784 /* FirebaseAnalyticsSwift-Beta */,
				1B4F7DB52B761183001DB784 /* FirebaseAnalyticsWithoutAdIdSupport */,
				1B4F7DB72B761183001DB784 /* FirebaseFirestore */,
				1B4F7DB92B761183001DB784 /* FirebaseAuthCombine-Community */,
				1B4F7DBB2B761183001DB784 /* FirebaseInstallations */,
				1B4F7DBD2B761183001DB784 /* FirebaseRemoteConfigSwift-Beta */,
				1B4F7DBF2B761183001DB784 /* FirebaseFunctionsCombine-Community */,
				1B4F7DC12B761183001DB784 /* FirebaseFirestoreSwift-Beta */,
				1B4F7DC32B761183001DB784 /* FirebaseAnalytics */,
				1B4F7DC52B761183001DB784 /* FirebaseDatabase */,
				1B4F7DC72B761183001DB784 /* FirebasePerformance */,
				1B4F7DC92B761183001DB784 /* FirebaseRemoteConfig */,
				1B4F7DCB2B761183001DB784 /* FirebaseAppCheck */,
				1B4F7DCD2B761183001DB784 /* FirebaseStorageCombine-Community */,
				1B4F7DCF2B761183001DB784 /* FirebaseAuth */,
				1B4F7DD12B761183001DB784 /* FirebaseInAppMessagingSwift-Beta */,
				1B4F7DD32B761183001DB784 /* FirebaseDatabaseSwift-Beta */,
				1B4F7DD52B761183001DB784 /* FirebaseStorageSwift-Beta */,
				1B4F7DD72B761183001DB784 /* FirebaseMLModelDownloader */,
				1B4F7DD92B761183001DB784 /* FirebaseCrashlytics */,
				1B4F7DDB2B761183001DB784 /* FirebaseMessaging */,
				1B4F7DDD2B761183001DB784 /* FirebaseStorage */,
				1B4F7DDF2B761183001DB784 /* FirebaseDynamicLinks */,
				1B4F7DE12B761183001DB784 /* FirebaseFunctionsSwift-Beta */,
				1B4F7DE32B761183001DB784 /* FirebaseFunctions */,
				1B4F7DE52B761183001DB784 /* FirebaseFirestoreCombine-Community */,
				1B4F7E272B761360001DB784 /* Toast */,
			);
			productName = examen2EvalEjerc1Di;
			productReference = 1B4F7D212B760F8F001DB784 /* examen2EvalEjerc1Di.app */;
			productType = "com.apple.product-type.application";
		};
		1B4F7D362B760F90001DB784 /* examen2EvalEjerc1DiTests */ = {
			isa = PBXNativeTarget;
			buildConfigurationList = 1B4F7D4E2B760F91001DB784 /* Build configuration list for PBXNativeTarget "examen2EvalEjerc1DiTests" */;
			buildPhases = (
				1B4F7D332B760F90001DB784 /* Sources */,
				1B4F7D342B760F90001DB784 /* Frameworks */,
				1B4F7D352B760F90001DB784 /* Resources */,
			);
			buildRules = (
			);
			dependencies = (
				1B4F7D392B760F90001DB784 /* PBXTargetDependency */,
			);
			name = examen2EvalEjerc1DiTests;
			productName = examen2EvalEjerc1DiTests;
			productReference = 1B4F7D372B760F90001DB784 /* examen2EvalEjerc1DiTests.xctest */;
			productType = "com.apple.product-type.bundle.unit-test";
		};
		1B4F7D412B760F90001DB784 /* examen2EvalEjerc1DiUITests */ = {
			isa = PBXNativeTarget;
			buildConfigurationList = 1B4F7D512B760F91001DB784 /* Build configuration list for PBXNativeTarget "examen2EvalEjerc1DiUITests" */;
			buildPhases = (
				1B4F7D3E2B760F90001DB784 /* Sources */,
				1B4F7D3F2B760F90001DB784 /* Frameworks */,
				1B4F7D402B760F90001DB784 /* Resources */,
			);
			buildRules = (
			);
			dependencies = (
				1B4F7D442B760F90001DB784 /* PBXTargetDependency */,
			);
			name = examen2EvalEjerc1DiUITests;
			productName = examen2EvalEjerc1DiUITests;
			productReference = 1B4F7D422B760F90001DB784 /* examen2EvalEjerc1DiUITests.xctest */;
			productType = "com.apple.product-type.bundle.ui-testing";
		};
/* End PBXNativeTarget section */

/* Begin PBXProject section */
		1B4F7D192B760F8F001DB784 /* Project object */ = {
			isa = PBXProject;
			attributes = {
				LastSwiftUpdateCheck = 1240;
				LastUpgradeCheck = 1240;
				TargetAttributes = {
					1B4F7D202B760F8F001DB784 = {
						CreatedOnToolsVersion = 12.4;
					};
					1B4F7D362B760F90001DB784 = {
						CreatedOnToolsVersion = 12.4;
						TestTargetID = 1B4F7D202B760F8F001DB784;
					};
					1B4F7D412B760F90001DB784 = {
						CreatedOnToolsVersion = 12.4;
						TestTargetID = 1B4F7D202B760F8F001DB784;
					};
				};
			};
			buildConfigurationList = 1B4F7D1C2B760F8F001DB784 /* Build configuration list for PBXProject "examen2EvalEjerc1Di" */;
			compatibilityVersion = "Xcode 9.3";
			developmentRegion = en;
			hasScannedForEncodings = 0;
			knownRegions = (
				en,
				Base,
			);
			mainGroup = 1B4F7D182B760F8F001DB784;
			packageReferences = (
				1B4F7D572B760FB4001DB784 /* XCRemoteSwiftPackageReference "Alamofire" */,
				1B4F7D5D2B760FE0001DB784 /* XCRemoteSwiftPackageReference "AlamofireImage" */,
				1B4F7DAE2B761183001DB784 /* XCRemoteSwiftPackageReference "firebase-ios-sdk" */,
				1B4F7E262B761360001DB784 /* XCRemoteSwiftPackageReference "Toast-Swift" */,
			);
			productRefGroup = 1B4F7D222B760F8F001DB784 /* Products */;
			projectDirPath = "";
			projectRoot = "";
			targets = (
				1B4F7D202B760F8F001DB784 /* examen2EvalEjerc1Di */,
				1B4F7D362B760F90001DB784 /* examen2EvalEjerc1DiTests */,
				1B4F7D412B760F90001DB784 /* examen2EvalEjerc1DiUITests */,
			);
		};
/* End PBXProject section */

/* Begin PBXResourcesBuildPhase section */
		1B4F7D1F2B760F8F001DB784 /* Resources */ = {
			isa = PBXResourcesBuildPhase;
			buildActionMask = 2147483647;
			files = (
				1B4F7D312B760F90001DB784 /* LaunchScreen.storyboard in Resources */,
				1B4F7E332B7617A7001DB784 /* GoogleService-Info.plist in Resources */,
				1B4F7D2E2B760F90001DB784 /* Assets.xcassets in Resources */,
				1B4F7D2C2B760F8F001DB784 /* Main.storyboard in Resources */,
			);
			runOnlyForDeploymentPostprocessing = 0;
		};
		1B4F7D352B760F90001DB784 /* Resources */ = {
			isa = PBXResourcesBuildPhase;
			buildActionMask = 2147483647;
			files = (
			);
			runOnlyForDeploymentPostprocessing = 0;
		};
		1B4F7D402B760F90001DB784 /* Resources */ = {
			isa = PBXResourcesBuildPhase;
			buildActionMask = 2147483647;
			files = (
			);
			runOnlyForDeploymentPostprocessing = 0;
		};
/* End PBXResourcesBuildPhase section */

/* Begin PBXSourcesBuildPhase section */
		1B4F7D1D2B760F8F001DB784 /* Sources */ = {
			isa = PBXSourcesBuildPhase;
			buildActionMask = 2147483647;
			files = (
				1B4F7E3A2B761850001DB784 /* LoginViewController.swift in Sources */,
				1B2682BA2B761FE600059BEF /* apiConexiones.swift in Sources */,
				1B2682B52B761F1E00059BEF /* CeldaTableViewCell.swift in Sources */,
				1B4F7D292B760F8F001DB784 /* ViewController.swift in Sources */,
				1B4F7D252B760F8F001DB784 /* AppDelegate.swift in Sources */,
				1B4F7E432B7619EB001DB784 /* CoinStruct.swift in Sources */,
				1B4F7D272B760F8F001DB784 /* SceneDelegate.swift in Sources */,
			);
			runOnlyForDeploymentPostprocessing = 0;
		};
		1B4F7D332B760F90001DB784 /* Sources */ = {
			isa = PBXSourcesBuildPhase;
			buildActionMask = 2147483647;
			files = (
				1B4F7D3C2B760F90001DB784 /* examen2EvalEjerc1DiTests.swift in Sources */,
			);
			runOnlyForDeploymentPostprocessing = 0;
		};
		1B4F7D3E2B760F90001DB784 /* Sources */ = {
			isa = PBXSourcesBuildPhase;
			buildActionMask = 2147483647;
			files = (
				1B4F7D472B760F91001DB784 /* examen2EvalEjerc1DiUITests.swift in Sources */,
			);
			runOnlyForDeploymentPostprocessing = 0;
		};
/* End PBXSourcesBuildPhase section */

/* Begin PBXTargetDependency section */
		1B4F7D392B760F90001DB784 /* PBXTargetDependency */ = {
			isa = PBXTargetDependency;
			target = 1B4F7D202B760F8F001DB784 /* examen2EvalEjerc1Di */;
			targetProxy = 1B4F7D382B760F90001DB784 /* PBXContainerItemProxy */;
		};
		1B4F7D442B760F90001DB784 /* PBXTargetDependency */ = {
			isa = PBXTargetDependency;
			target = 1B4F7D202B760F8F001DB784 /* examen2EvalEjerc1Di */;
			targetProxy = 1B4F7D432B760F90001DB784 /* PBXContainerItemProxy */;
		};
/* End PBXTargetDependency section */

/* Begin PBXVariantGroup section */
		1B4F7D2A2B760F8F001DB784 /* Main.storyboard */ = {
			isa = PBXVariantGroup;
			children = (
				1B4F7D2B2B760F8F001DB784 /* Base */,
			);
			name = Main.storyboard;
			sourceTree = "<group>";
		};
		1B4F7D2F2B760F90001DB784 /* LaunchScreen.storyboard */ = {
			isa = PBXVariantGroup;
			children = (
				1B4F7D302B760F90001DB784 /* Base */,
			);
			name = LaunchScreen.storyboard;
			sourceTree = "<group>";
		};
/* End PBXVariantGroup section */

/* Begin XCBuildConfiguration section */
		1B4F7D492B760F91001DB784 /* Debug */ = {
			isa = XCBuildConfiguration;
			buildSettings = {
				ALWAYS_SEARCH_USER_PATHS = NO;
				CLANG_ANALYZER_NONNULL = YES;
				CLANG_ANALYZER_NUMBER_OBJECT_CONVERSION = YES_AGGRESSIVE;
				CLANG_CXX_LANGUAGE_STANDARD = "gnu++14";
				CLANG_CXX_LIBRARY = "libc++";
				CLANG_ENABLE_MODULES = YES;
				CLANG_ENABLE_OBJC_ARC = YES;
				CLANG_ENABLE_OBJC_WEAK = YES;
				CLANG_WARN_BLOCK_CAPTURE_AUTORELEASING = YES;
				CLANG_WARN_BOOL_CONVERSION = YES;
				CLANG_WARN_COMMA = YES;
				CLANG_WARN_CONSTANT_CONVERSION = YES;
				CLANG_WARN_DEPRECATED_OBJC_IMPLEMENTATIONS = YES;
				CLANG_WARN_DIRECT_OBJC_ISA_USAGE = YES_ERROR;
				CLANG_WARN_DOCUMENTATION_COMMENTS = YES;
				CLANG_WARN_EMPTY_BODY = YES;
				CLANG_WARN_ENUM_CONVERSION = YES;
				CLANG_WARN_INFINITE_RECURSION = YES;
				CLANG_WARN_INT_CONVERSION = YES;
				CLANG_WARN_NON_LITERAL_NULL_CONVERSION = YES;
				CLANG_WARN_OBJC_IMPLICIT_RETAIN_SELF = YES;
				CLANG_WARN_OBJC_LITERAL_CONVERSION = YES;
				CLANG_WARN_OBJC_ROOT_CLASS = YES_ERROR;
				CLANG_WARN_QUOTED_INCLUDE_IN_FRAMEWORK_HEADER = YES;
				CLANG_WARN_RANGE_LOOP_ANALYSIS = YES;
				CLANG_WARN_STRICT_PROTOTYPES = YES;
				CLANG_WARN_SUSPICIOUS_MOVE = YES;
				CLANG_WARN_UNGUARDED_AVAILABILITY = YES_AGGRESSIVE;
				CLANG_WARN_UNREACHABLE_CODE = YES;
				CLANG_WARN__DUPLICATE_METHOD_MATCH = YES;
				COPY_PHASE_STRIP = NO;
				DEBUG_INFORMATION_FORMAT = dwarf;
				ENABLE_STRICT_OBJC_MSGSEND = YES;
				ENABLE_TESTABILITY = YES;
				GCC_C_LANGUAGE_STANDARD = gnu11;
				GCC_DYNAMIC_NO_PIC = NO;
				GCC_NO_COMMON_BLOCKS = YES;
				GCC_OPTIMIZATION_LEVEL = 0;
				GCC_PREPROCESSOR_DEFINITIONS = (
					"DEBUG=1",
					"$(inherited)",
				);
				GCC_WARN_64_TO_32_BIT_CONVERSION = YES;
				GCC_WARN_ABOUT_RETURN_TYPE = YES_ERROR;
				GCC_WARN_UNDECLARED_SELECTOR = YES;
				GCC_WARN_UNINITIALIZED_AUTOS = YES_AGGRESSIVE;
				GCC_WARN_UNUSED_FUNCTION = YES;
				GCC_WARN_UNUSED_VARIABLE = YES;
				IPHONEOS_DEPLOYMENT_TARGET = 14.4;
				MTL_ENABLE_DEBUG_INFO = INCLUDE_SOURCE;
				MTL_FAST_MATH = YES;
				ONLY_ACTIVE_ARCH = YES;
				SDKROOT = iphoneos;
				SWIFT_ACTIVE_COMPILATION_CONDITIONS = DEBUG;
				SWIFT_OPTIMIZATION_LEVEL = "-Onone";
			};
			name = Debug;
		};
		1B4F7D4A2B760F91001DB784 /* Release */ = {
			isa = XCBuildConfiguration;
			buildSettings = {
				ALWAYS_SEARCH_USER_PATHS = NO;
				CLANG_ANALYZER_NONNULL = YES;
				CLANG_ANALYZER_NUMBER_OBJECT_CONVERSION = YES_AGGRESSIVE;
				CLANG_CXX_LANGUAGE_STANDARD = "gnu++14";
				CLANG_CXX_LIBRARY = "libc++";
				CLANG_ENABLE_MODULES = YES;
				CLANG_ENABLE_OBJC_ARC = YES;
				CLANG_ENABLE_OBJC_WEAK = YES;
				CLANG_WARN_BLOCK_CAPTURE_AUTORELEASING = YES;
				CLANG_WARN_BOOL_CONVERSION = YES;
				CLANG_WARN_COMMA = YES;
				CLANG_WARN_CONSTANT_CONVERSION = YES;
				CLANG_WARN_DEPRECATED_OBJC_IMPLEMENTATIONS = YES;
				CLANG_WARN_DIRECT_OBJC_ISA_USAGE = YES_ERROR;
				CLANG_WARN_DOCUMENTATION_COMMENTS = YES;
				CLANG_WARN_EMPTY_BODY = YES;
				CLANG_WARN_ENUM_CONVERSION = YES;
				CLANG_WARN_INFINITE_RECURSION = YES;
				CLANG_WARN_INT_CONVERSION = YES;
				CLANG_WARN_NON_LITERAL_NULL_CONVERSION = YES;
				CLANG_WARN_OBJC_IMPLICIT_RETAIN_SELF = YES;
				CLANG_WARN_OBJC_LITERAL_CONVERSION = YES;
				CLANG_WARN_OBJC_ROOT_CLASS = YES_ERROR;
				CLANG_WARN_QUOTED_INCLUDE_IN_FRAMEWORK_HEADER = YES;
				CLANG_WARN_RANGE_LOOP_ANALYSIS = YES;
				CLANG_WARN_STRICT_PROTOTYPES = YES;
				CLANG_WARN_SUSPICIOUS_MOVE = YES;
				CLANG_WARN_UNGUARDED_AVAILABILITY = YES_AGGRESSIVE;
				CLANG_WARN_UNREACHABLE_CODE = YES;
				CLANG_WARN__DUPLICATE_METHOD_MATCH = YES;
				COPY_PHASE_STRIP = NO;
				DEBUG_INFORMATION_FORMAT = "dwarf-with-dsym";
				ENABLE_NS_ASSERTIONS = NO;
				ENABLE_STRICT_OBJC_MSGSEND = YES;
				GCC_C_LANGUAGE_STANDARD = gnu11;
				GCC_NO_COMMON_BLOCKS = YES;
				GCC_WARN_64_TO_32_BIT_CONVERSION = YES;
				GCC_WARN_ABOUT_RETURN_TYPE = YES_ERROR;
				GCC_WARN_UNDECLARED_SELECTOR = YES;
				GCC_WARN_UNINITIALIZED_AUTOS = YES_AGGRESSIVE;
				GCC_WARN_UNUSED_FUNCTION = YES;
				GCC_WARN_UNUSED_VARIABLE = YES;
				IPHONEOS_DEPLOYMENT_TARGET = 14.4;
				MTL_ENABLE_DEBUG_INFO = NO;
				MTL_FAST_MATH = YES;
				SDKROOT = iphoneos;
				SWIFT_COMPILATION_MODE = wholemodule;
				SWIFT_OPTIMIZATION_LEVEL = "-O";
				VALIDATE_PRODUCT = YES;
			};
			name = Release;
		};
		1B4F7D4C2B760F91001DB784 /* Debug */ = {
			isa = XCBuildConfiguration;
			buildSettings = {
				ASSETCATALOG_COMPILER_APPICON_NAME = AppIcon;
				ASSETCATALOG_COMPILER_GLOBAL_ACCENT_COLOR_NAME = AccentColor;
				CODE_SIGN_STYLE = Automatic;
				INFOPLIST_FILE = examen2EvalEjerc1Di/Info.plist;
				LD_RUNPATH_SEARCH_PATHS = (
					"$(inherited)",
					"@executable_path/Frameworks",
				);
				PRODUCT_BUNDLE_IDENTIFIER = montacer.elfazazi.examen2EvalEjerc1Di;
				PRODUCT_NAME = "$(TARGET_NAME)";
				SWIFT_VERSION = 5.0;
				TARGETED_DEVICE_FAMILY = "1,2";
			};
			name = Debug;
		};
		1B4F7D4D2B760F91001DB784 /* Release */ = {
			isa = XCBuildConfiguration;
			buildSettings = {
				ASSETCATALOG_COMPILER_APPICON_NAME = AppIcon;
				ASSETCATALOG_COMPILER_GLOBAL_ACCENT_COLOR_NAME = AccentColor;
				CODE_SIGN_STYLE = Automatic;
				INFOPLIST_FILE = examen2EvalEjerc1Di/Info.plist;
				LD_RUNPATH_SEARCH_PATHS = (
					"$(inherited)",
					"@executable_path/Frameworks",
				);
				PRODUCT_BUNDLE_IDENTIFIER = montacer.elfazazi.examen2EvalEjerc1Di;
				PRODUCT_NAME = "$(TARGET_NAME)";
				SWIFT_VERSION = 5.0;
				TARGETED_DEVICE_FAMILY = "1,2";
			};
			name = Release;
		};
		1B4F7D4F2B760F91001DB784 /* Debug */ = {
			isa = XCBuildConfiguration;
			buildSettings = {
				ALWAYS_EMBED_SWIFT_STANDARD_LIBRARIES = YES;
				BUNDLE_LOADER = "$(TEST_HOST)";
				CODE_SIGN_STYLE = Automatic;
				INFOPLIST_FILE = examen2EvalEjerc1DiTests/Info.plist;
				IPHONEOS_DEPLOYMENT_TARGET = 14.4;
				LD_RUNPATH_SEARCH_PATHS = (
					"$(inherited)",
					"@executable_path/Frameworks",
					"@loader_path/Frameworks",
				);
				PRODUCT_BUNDLE_IDENTIFIER = montacer.elfazazi.examen2EvalEjerc1DiTests;
				PRODUCT_NAME = "$(TARGET_NAME)";
				SWIFT_VERSION = 5.0;
				TARGETED_DEVICE_FAMILY = "1,2";
				TEST_HOST = "$(BUILT_PRODUCTS_DIR)/examen2EvalEjerc1Di.app/examen2EvalEjerc1Di";
			};
			name = Debug;
		};
		1B4F7D502B760F91001DB784 /* Release */ = {
			isa = XCBuildConfiguration;
			buildSettings = {
				ALWAYS_EMBED_SWIFT_STANDARD_LIBRARIES = YES;
				BUNDLE_LOADER = "$(TEST_HOST)";
				CODE_SIGN_STYLE = Automatic;
				INFOPLIST_FILE = examen2EvalEjerc1DiTests/Info.plist;
				IPHONEOS_DEPLOYMENT_TARGET = 14.4;
				LD_RUNPATH_SEARCH_PATHS = (
					"$(inherited)",
					"@executable_path/Frameworks",
					"@loader_path/Frameworks",
				);
				PRODUCT_BUNDLE_IDENTIFIER = montacer.elfazazi.examen2EvalEjerc1DiTests;
				PRODUCT_NAME = "$(TARGET_NAME)";
				SWIFT_VERSION = 5.0;
				TARGETED_DEVICE_FAMILY = "1,2";
				TEST_HOST = "$(BUILT_PRODUCTS_DIR)/examen2EvalEjerc1Di.app/examen2EvalEjerc1Di";
			};
			name = Release;
		};
		1B4F7D522B760F91001DB784 /* Debug */ = {
			isa = XCBuildConfiguration;
			buildSettings = {
				ALWAYS_EMBED_SWIFT_STANDARD_LIBRARIES = YES;
				CODE_SIGN_STYLE = Automatic;
				INFOPLIST_FILE = examen2EvalEjerc1DiUITests/Info.plist;
				LD_RUNPATH_SEARCH_PATHS = (
					"$(inherited)",
					"@executable_path/Frameworks",
					"@loader_path/Frameworks",
				);
				PRODUCT_BUNDLE_IDENTIFIER = montacer.elfazazi.examen2EvalEjerc1DiUITests;
				PRODUCT_NAME = "$(TARGET_NAME)";
				SWIFT_VERSION = 5.0;
				TARGETED_DEVICE_FAMILY = "1,2";
				TEST_TARGET_NAME = examen2EvalEjerc1Di;
			};
			name = Debug;
		};
		1B4F7D532B760F91001DB784 /* Release */ = {
			isa = XCBuildConfiguration;
			buildSettings = {
				ALWAYS_EMBED_SWIFT_STANDARD_LIBRARIES = YES;
				CODE_SIGN_STYLE = Automatic;
				INFOPLIST_FILE = examen2EvalEjerc1DiUITests/Info.plist;
				LD_RUNPATH_SEARCH_PATHS = (
					"$(inherited)",
					"@executable_path/Frameworks",
					"@loader_path/Frameworks",
				);
				PRODUCT_BUNDLE_IDENTIFIER = montacer.elfazazi.examen2EvalEjerc1DiUITests;
				PRODUCT_NAME = "$(TARGET_NAME)";
				SWIFT_VERSION = 5.0;
				TARGETED_DEVICE_FAMILY = "1,2";
				TEST_TARGET_NAME = examen2EvalEjerc1Di;
			};
			name = Release;
		};
/* End XCBuildConfiguration section */

/* Begin XCConfigurationList section */
		1B4F7D1C2B760F8F001DB784 /* Build configuration list for PBXProject "examen2EvalEjerc1Di" */ = {
			isa = XCConfigurationList;
			buildConfigurations = (
				1B4F7D492B760F91001DB784 /* Debug */,
				1B4F7D4A2B760F91001DB784 /* Release */,
			);
			defaultConfigurationIsVisible = 0;
			defaultConfigurationName = Release;
		};
		1B4F7D4B2B760F91001DB784 /* Build configuration list for PBXNativeTarget "examen2EvalEjerc1Di" */ = {
			isa = XCConfigurationList;
			buildConfigurations = (
				1B4F7D4C2B760F91001DB784 /* Debug */,
				1B4F7D4D2B760F91001DB784 /* Release */,
			);
			defaultConfigurationIsVisible = 0;
			defaultConfigurationName = Release;
		};
		1B4F7D4E2B760F91001DB784 /* Build configuration list for PBXNativeTarget "examen2EvalEjerc1DiTests" */ = {
			isa = XCConfigurationList;
			buildConfigurations = (
				1B4F7D4F2B760F91001DB784 /* Debug */,
				1B4F7D502B760F91001DB784 /* Release */,
			);
			defaultConfigurationIsVisible = 0;
			defaultConfigurationName = Release;
		};
		1B4F7D512B760F91001DB784 /* Build configuration list for PBXNativeTarget "examen2EvalEjerc1DiUITests" */ = {
			isa = XCConfigurationList;
			buildConfigurations = (
				1B4F7D522B760F91001DB784 /* Debug */,
				1B4F7D532B760F91001DB784 /* Release */,
			);
			defaultConfigurationIsVisible = 0;
			defaultConfigurationName = Release;
		};
/* End XCConfigurationList section */

/* Begin XCRemoteSwiftPackageReference section */
		1B4F7D572B760FB4001DB784 /* XCRemoteSwiftPackageReference "Alamofire" */ = {
			isa = XCRemoteSwiftPackageReference;
			repositoryURL = "https://github.com/Alamofire/Alamofire.git";
			requirement = {
				kind = upToNextMajorVersion;
				minimumVersion = 5.0.0;
			};
		};
		1B4F7D5D2B760FE0001DB784 /* XCRemoteSwiftPackageReference "AlamofireImage" */ = {
			isa = XCRemoteSwiftPackageReference;
			repositoryURL = "https://github.com/Alamofire/AlamofireImage.git";
			requirement = {
				kind = upToNextMajorVersion;
				minimumVersion = 4.0.0;
			};
		};
		1B4F7DAE2B761183001DB784 /* XCRemoteSwiftPackageReference "firebase-ios-sdk" */ = {
			isa = XCRemoteSwiftPackageReference;
			repositoryURL = "https://github.com/firebase/firebase-ios-sdk.git";
			requirement = {
				kind = upToNextMajorVersion;
				minimumVersion = 8.15.0;
			};
		};
		1B4F7E262B761360001DB784 /* XCRemoteSwiftPackageReference "Toast-Swift" */ = {
			isa = XCRemoteSwiftPackageReference;
			repositoryURL = "https://github.com/scalessec/Toast-Swift.git";
			requirement = {
				kind = upToNextMajorVersion;
				minimumVersion = 5.1.0;
			};
		};
/* End XCRemoteSwiftPackageReference section */

/* Begin XCSwiftPackageProductDependency section */
		1B4F7D582B760FB4001DB784 /* Alamofire */ = {
			isa = XCSwiftPackageProductDependency;
			package = 1B4F7D572B760FB4001DB784 /* XCRemoteSwiftPackageReference "Alamofire" */;
			productName = Alamofire;
		};
		1B4F7D5E2B760FE0001DB784 /* AlamofireImage */ = {
			isa = XCSwiftPackageProductDependency;
			package = 1B4F7D5D2B760FE0001DB784 /* XCRemoteSwiftPackageReference "AlamofireImage" */;
			productName = AlamofireImage;
		};
		1B4F7DAF2B761183001DB784 /* FirebaseAppDistribution-Beta */ = {
			isa = XCSwiftPackageProductDependency;
			package = 1B4F7DAE2B761183001DB784 /* XCRemoteSwiftPackageReference "firebase-ios-sdk" */;
			productName = "FirebaseAppDistribution-Beta";
		};
		1B4F7DB12B761183001DB784 /* FirebaseInAppMessaging-Beta */ = {
			isa = XCSwiftPackageProductDependency;
			package = 1B4F7DAE2B761183001DB784 /* XCRemoteSwiftPackageReference "firebase-ios-sdk" */;
			productName = "FirebaseInAppMessaging-Beta";
		};
		1B4F7DB32B761183001DB784 /* FirebaseAnalyticsSwift-Beta */ = {
			isa = XCSwiftPackageProductDependency;
			package = 1B4F7DAE2B761183001DB784 /* XCRemoteSwiftPackageReference "firebase-ios-sdk" */;
			productName = "FirebaseAnalyticsSwift-Beta";
		};
		1B4F7DB52B761183001DB784 /* FirebaseAnalyticsWithoutAdIdSupport */ = {
			isa = XCSwiftPackageProductDependency;
			package = 1B4F7DAE2B761183001DB784 /* XCRemoteSwiftPackageReference "firebase-ios-sdk" */;
			productName = FirebaseAnalyticsWithoutAdIdSupport;
		};
		1B4F7DB72B761183001DB784 /* FirebaseFirestore */ = {
			isa = XCSwiftPackageProductDependency;
			package = 1B4F7DAE2B761183001DB784 /* XCRemoteSwiftPackageReference "firebase-ios-sdk" */;
			productName = FirebaseFirestore;
		};
		1B4F7DB92B761183001DB784 /* FirebaseAuthCombine-Community */ = {
			isa = XCSwiftPackageProductDependency;
			package = 1B4F7DAE2B761183001DB784 /* XCRemoteSwiftPackageReference "firebase-ios-sdk" */;
			productName = "FirebaseAuthCombine-Community";
		};
		1B4F7DBB2B761183001DB784 /* FirebaseInstallations */ = {
			isa = XCSwiftPackageProductDependency;
			package = 1B4F7DAE2B761183001DB784 /* XCRemoteSwiftPackageReference "firebase-ios-sdk" */;
			productName = FirebaseInstallations;
		};
		1B4F7DBD2B761183001DB784 /* FirebaseRemoteConfigSwift-Beta */ = {
			isa = XCSwiftPackageProductDependency;
			package = 1B4F7DAE2B761183001DB784 /* XCRemoteSwiftPackageReference "firebase-ios-sdk" */;
			productName = "FirebaseRemoteConfigSwift-Beta";
		};
		1B4F7DBF2B761183001DB784 /* FirebaseFunctionsCombine-Community */ = {
			isa = XCSwiftPackageProductDependency;
			package = 1B4F7DAE2B761183001DB784 /* XCRemoteSwiftPackageReference "firebase-ios-sdk" */;
			productName = "FirebaseFunctionsCombine-Community";
		};
		1B4F7DC12B761183001DB784 /* FirebaseFirestoreSwift-Beta */ = {
			isa = XCSwiftPackageProductDependency;
			package = 1B4F7DAE2B761183001DB784 /* XCRemoteSwiftPackageReference "firebase-ios-sdk" */;
			productName = "FirebaseFirestoreSwift-Beta";
		};
		1B4F7DC32B761183001DB784 /* FirebaseAnalytics */ = {
			isa = XCSwiftPackageProductDependency;
			package = 1B4F7DAE2B761183001DB784 /* XCRemoteSwiftPackageReference "firebase-ios-sdk" */;
			productName = FirebaseAnalytics;
		};
		1B4F7DC52B761183001DB784 /* FirebaseDatabase */ = {
			isa = XCSwiftPackageProductDependency;
			package = 1B4F7DAE2B761183001DB784 /* XCRemoteSwiftPackageReference "firebase-ios-sdk" */;
			productName = FirebaseDatabase;
		};
		1B4F7DC72B761183001DB784 /* FirebasePerformance */ = {
			isa = XCSwiftPackageProductDependency;
			package = 1B4F7DAE2B761183001DB784 /* XCRemoteSwiftPackageReference "firebase-ios-sdk" */;
			productName = FirebasePerformance;
		};
		1B4F7DC92B761183001DB784 /* FirebaseRemoteConfig */ = {
			isa = XCSwiftPackageProductDependency;
			package = 1B4F7DAE2B761183001DB784 /* XCRemoteSwiftPackageReference "firebase-ios-sdk" */;
			productName = FirebaseRemoteConfig;
		};
		1B4F7DCB2B761183001DB784 /* FirebaseAppCheck */ = {
			isa = XCSwiftPackageProductDependency;
			package = 1B4F7DAE2B761183001DB784 /* XCRemoteSwiftPackageReference "firebase-ios-sdk" */;
			productName = FirebaseAppCheck;
		};
		1B4F7DCD2B761183001DB784 /* FirebaseStorageCombine-Community */ = {
			isa = XCSwiftPackageProductDependency;
			package = 1B4F7DAE2B761183001DB784 /* XCRemoteSwiftPackageReference "firebase-ios-sdk" */;
			productName = "FirebaseStorageCombine-Community";
		};
		1B4F7DCF2B761183001DB784 /* FirebaseAuth */ = {
			isa = XCSwiftPackageProductDependency;
			package = 1B4F7DAE2B761183001DB784 /* XCRemoteSwiftPackageReference "firebase-ios-sdk" */;
			productName = FirebaseAuth;
		};
		1B4F7DD12B761183001DB784 /* FirebaseInAppMessagingSwift-Beta */ = {
			isa = XCSwiftPackageProductDependency;
			package = 1B4F7DAE2B761183001DB784 /* XCRemoteSwiftPackageReference "firebase-ios-sdk" */;
			productName = "FirebaseInAppMessagingSwift-Beta";
		};
		1B4F7DD32B761183001DB784 /* FirebaseDatabaseSwift-Beta */ = {
			isa = XCSwiftPackageProductDependency;
			package = 1B4F7DAE2B761183001DB784 /* XCRemoteSwiftPackageReference "firebase-ios-sdk" */;
			productName = "FirebaseDatabaseSwift-Beta";
		};
		1B4F7DD52B761183001DB784 /* FirebaseStorageSwift-Beta */ = {
			isa = XCSwiftPackageProductDependency;
			package = 1B4F7DAE2B761183001DB784 /* XCRemoteSwiftPackageReference "firebase-ios-sdk" */;
			productName = "FirebaseStorageSwift-Beta";
		};
		1B4F7DD72B761183001DB784 /* FirebaseMLModelDownloader */ = {
			isa = XCSwiftPackageProductDependency;
			package = 1B4F7DAE2B761183001DB784 /* XCRemoteSwiftPackageReference "firebase-ios-sdk" */;
			productName = FirebaseMLModelDownloader;
		};
		1B4F7DD92B761183001DB784 /* FirebaseCrashlytics */ = {
			isa = XCSwiftPackageProductDependency;
			package = 1B4F7DAE2B761183001DB784 /* XCRemoteSwiftPackageReference "firebase-ios-sdk" */;
			productName = FirebaseCrashlytics;
		};
		1B4F7DDB2B761183001DB784 /* FirebaseMessaging */ = {
			isa = XCSwiftPackageProductDependency;
			package = 1B4F7DAE2B761183001DB784 /* XCRemoteSwiftPackageReference "firebase-ios-sdk" */;
			productName = FirebaseMessaging;
		};
		1B4F7DDD2B761183001DB784 /* FirebaseStorage */ = {
			isa = XCSwiftPackageProductDependency;
			package = 1B4F7DAE2B761183001DB784 /* XCRemoteSwiftPackageReference "firebase-ios-sdk" */;
			productName = FirebaseStorage;
		};
		1B4F7DDF2B761183001DB784 /* FirebaseDynamicLinks */ = {
			isa = XCSwiftPackageProductDependency;
			package = 1B4F7DAE2B761183001DB784 /* XCRemoteSwiftPackageReference "firebase-ios-sdk" */;
			productName = FirebaseDynamicLinks;
		};
		1B4F7DE12B761183001DB784 /* FirebaseFunctionsSwift-Beta */ = {
			isa = XCSwiftPackageProductDependency;
			package = 1B4F7DAE2B761183001DB784 /* XCRemoteSwiftPackageReference "firebase-ios-sdk" */;
			productName = "FirebaseFunctionsSwift-Beta";
		};
		1B4F7DE32B761183001DB784 /* FirebaseFunctions */ = {
			isa = XCSwiftPackageProductDependency;
			package = 1B4F7DAE2B761183001DB784 /* XCRemoteSwiftPackageReference "firebase-ios-sdk" */;
			productName = FirebaseFunctions;
		};
		1B4F7DE52B761183001DB784 /* FirebaseFirestoreCombine-Community */ = {
			isa = XCSwiftPackageProductDependency;
			package = 1B4F7DAE2B761183001DB784 /* XCRemoteSwiftPackageReference "firebase-ios-sdk" */;
			productName = "FirebaseFirestoreCombine-Community";
		};
		1B4F7E272B761360001DB784 /* Toast */ = {
			isa = XCSwiftPackageProductDependency;
			package = 1B4F7E262B761360001DB784 /* XCRemoteSwiftPackageReference "Toast-Swift" */;
			productName = Toast;
		};
/* End XCSwiftPackageProductDependency section */
	};
	rootObject = 1B4F7D192B760F8F001DB784 /* Project object */;
}
